<?xml version="1.0" encoding="utf-8"?>
<Project ToolsVersion="4.0" xmlns="http://schemas.microsoft.com/developer/msbuild/2003">
  <ItemGroup>
    <ClCompile Include="..\include\common.c" />
    <ClCompile Include="menu.c" />
    <ClCompile Include="menu_backend.c" />
    <ClCompile Include="mods\mods.c" />
    <ClCompile Include="mods\net.c" />
    <ClCompile Include="mods\other.c" />
    <ClCompile Include="util.c" />
    <ClCompile Include="mods\spoof.c" />
    <ClCompile Include="mods\protections.c" />
    <ClCompile Include="mods\scriptloader.c" />
    <ClCompile Include="mods\dev.c" />
  </ItemGroup>
  <ItemGroup>
    <ClInclude Include="..\include\common.h" />
    <ClInclude Include="..\include\constants.h" />
    <ClInclude Include="..\include\intrinsics.h" />
    <ClInclude Include="..\include\natives.h" />
    <ClInclude Include="..\include\RDR\consts32.h" />
    <ClInclude Include="..\include\RDR\natives32.h" />
    <ClInclude Include="..\include\types.h" />
    <ClInclude Include="..\include\varargs.h" />
    <ClInclude Include="menu.h" />
    <ClInclude Include="menu_backend.h" />
    <ClInclude Include="mods\mods.h" />
    <ClInclude Include="util.h" />
  </ItemGroup>
  <ItemGroup>
    <CustomBuild Include="main.c" />
  </ItemGroup>
</Project>